
Microsoft Visual Studio Solution File, Format Version 12.00
# Visual Studio Version 16
VisualStudioVersion = 25.0.1706.6
MinimumVisualStudioVersion = 10.0.40219.1
Project("{FAE04EC0-301F-11D3-BF4B-00C04F79EFBC}") = "JuusoKoivunen_MobileDev_Project_2_Part_3_App", "JuusoKoivunen_MobileDev_Project_2_Part_3_App\JuusoKoivunen_MobileDev_Project_2_Part_3_App.csproj", "{0D175028-A8D6-4400-BB1C-09F59772DFE5}"
EndProject
Global
	GlobalSection(SolutionConfigurationPlatforms) = preSolution
		Debug|Any CPU = Debug|Any CPU
		Release|Any CPU = Release|Any CPU
	EndGlobalSection
	GlobalSection(ProjectConfigurationPlatforms) = postSolution
		{0D175028-A8D6-4400-BB1C-09F59772DFE5}.Debug|Any CPU.ActiveCfg = Debug|Any CPU
		{0D175028-A8D6-4400-BB1C-09F59772DFE5}.Debug|Any CPU.Build.0 = Debug|Any CPU
		{0D175028-A8D6-4400-BB1C-09F59772DFE5}.Release|Any CPU.ActiveCfg = Release|Any CPU
		{0D175028-A8D6-4400-BB1C-09F59772DFE5}.Release|Any CPU.Build.0 = Release|Any CPU
	EndGlobalSection
	GlobalSection(SolutionProperties) = preSolution
		HideSolutionNode = FALSE
	EndGlobalSection
	GlobalSection(ExtensibilityGlobals) = postSolution
		SolutionGuid = {0FC9121B-21B4-4A66-BF18-D8BB322BB42D}
	EndGlobalSection
EndGlobal
